{
  "version": 4,
  "terraform_version": "0.12.25",
  "serial": 6,
  "lineage": "ffc51941-4914-9bc4-9406-1f979735bd28",
  "outputs": {},
  "resources": [
    {
      "module": "module.site.module.appsvc",
      "mode": "managed",
      "type": "azurerm_app_service",
      "name": "site",
      "provider": "provider.azurerm",
      "instances": [
        {
          "schema_version": 0,
          "attributes": {
            "app_service_plan_id": "/subscriptions/905c7701-f724-4623-bcde-5753d61dd3d6/resourceGroups/US-E2-DEV-SITE/providers/Microsoft.Web/serverfarms/US-E2-DEV-SITE-appsvc-plan",
            "app_settings": {
              "APPINSIGHTS_INSTRUMENTATIONKEY": "54c1ecff-d087-4186-89c7-6e4ca200d2be",
              "APPINSIGHTS_JAVASCRIPT_ENABLED": "true",
              "APPINSIGHTS_PROFILERFEATURE_VERSION": "1.0.0",
              "APPINSIGHTS_SNAPSHOTFEATURE_VERSION": "1.0.0",
              "ApplicationInsightsAgent_EXTENSION_VERSION": "~2",
              "DiagnosticServices_EXTENSION_VERSION": "~3",
              "InstrumentationEngine_EXTENSION_VERSION": "~1",
              "SnapshotDebugger_EXTENSION_VERSION": "~1",
              "XDT_MicrosoftApplicationInsights_BaseExtensions": "~1",
              "XDT_MicrosoftApplicationInsights_Mode": "recommended"
            },
            "auth_settings": [
              {
                "active_directory": [],
                "additional_login_params": {},
                "allowed_external_redirect_urls": [],
                "default_provider": "",
                "enabled": false,
                "facebook": [],
                "google": [],
                "issuer": "",
                "microsoft": [],
                "runtime_version": "",
                "token_refresh_extension_hours": 0,
                "token_store_enabled": false,
                "twitter": [],
                "unauthenticated_client_action": ""
              }
            ],
            "backup": [],
            "client_affinity_enabled": false,
            "client_cert_enabled": false,
            "connection_string": [],
            "default_site_hostname": "us-e2-dev-site-appsvc.azurewebsites.net",
            "enabled": true,
            "https_only": true,
            "id": "/subscriptions/905c7701-f724-4623-bcde-5753d61dd3d6/resourceGroups/US-E2-DEV-SITE/providers/Microsoft.Web/sites/US-E2-DEV-SITE-appsvc",
            "identity": [],
            "location": "eastus2",
            "logs": [
              {
                "application_logs": [
                  {
                    "azure_blob_storage": [
                      {
                        "level": "Off",
                        "retention_in_days": 0,
                        "sas_url": ""
                      }
                    ]
                  }
                ]
              }
            ],
            "name": "US-E2-DEV-SITE-appsvc",
            "outbound_ip_addresses": "52.184.199.10,52.184.196.133,52.184.195.251,52.184.198.106",
            "possible_outbound_ip_addresses": "52.184.199.10,52.184.196.133,52.184.195.251,52.184.198.106",
            "resource_group_name": "US-E2-DEV-SITE",
            "site_config": [
              {
                "always_on": true,
                "app_command_line": "",
                "cors": [
                  {
                    "allowed_origins": [],
                    "support_credentials": false
                  }
                ],
                "default_documents": null,
                "dotnet_framework_version": "v4.0",
                "ftps_state": "AllAllowed",
                "http2_enabled": false,
                "ip_restriction": [],
                "java_container": "",
                "java_container_version": "",
                "java_version": "",
                "linux_fx_version": "",
                "local_mysql_enabled": false,
                "managed_pipeline_mode": "Integrated",
                "min_tls_version": "1.2",
                "php_version": "",
                "python_version": "",
                "remote_debugging_enabled": false,
                "remote_debugging_version": "VS2019",
                "scm_type": "None",
                "use_32_bit_worker_process": false,
                "virtual_network_name": "",
                "websockets_enabled": false,
                "windows_fx_version": ""
              }
            ],
            "site_credential": [
              {
                "password": "4LvDD3c1ST1p1MADgJqARuPpNSfzw2lGZT97hxzhQdkTkpq2JGi90Bi0N8AW",
                "username": "$US-E2-DEV-SITE-appsvc"
              }
            ],
            "source_control": [
              {
                "branch": "master",
                "repo_url": ""
              }
            ],
            "storage_account": [],
            "tags": {
              "deployment": "1.1.2"
            }
          },
          "private": "bnVsbA==",
          "dependencies": [
            "module.monitoring.azurerm_resource_group.monitoring",
            "module.site.azurerm_resource_group.site",
            "module.site.module.ai.azurerm_application_insights.site",
            "module.site.module.appsvc-plan.azurerm_app_service_plan.site"
          ]
        }
      ]
    },
    {
      "module": "module.site.module.appsvc-plan",
      "mode": "managed",
      "type": "azurerm_app_service_plan",
      "name": "site",
      "provider": "provider.azurerm",
      "instances": [
        {
          "schema_version": 0,
          "attributes": {
            "app_service_environment_id": null,
            "id": "/subscriptions/905c7701-f724-4623-bcde-5753d61dd3d6/resourceGroups/US-E2-DEV-SITE/providers/Microsoft.Web/serverfarms/US-E2-DEV-SITE-appsvc-plan",
            "is_xenon": false,
            "kind": "Windows",
            "location": "eastus2",
            "maximum_elastic_worker_count": 1,
            "maximum_number_of_workers": 3,
            "name": "US-E2-DEV-SITE-appsvc-plan",
            "per_site_scaling": false,
            "properties": [
              {
                "app_service_environment_id": "",
                "per_site_scaling": false,
                "reserved": false
              }
            ],
            "reserved": false,
            "resource_group_name": "US-E2-DEV-SITE",
            "sku": [
              {
                "capacity": 1,
                "size": "B1",
                "tier": "Basic"
              }
            ],
            "tags": {
              "deployment": "1.0.0"
            }
          },
          "private": "bnVsbA==",
          "dependencies": [
            "module.site.azurerm_resource_group.site"
          ]
        }
      ]
    },
    {
      "module": "module.site.module.ai",
      "mode": "managed",
      "type": "azurerm_application_insights",
      "name": "site",
      "provider": "provider.azurerm",
      "instances": [
        {
          "schema_version": 0,
          "attributes": {
            "app_id": "b2adcb26-8c7a-4ea2-b6ce-f184b3011961",
            "application_type": "web",
            "id": "/subscriptions/905c7701-f724-4623-bcde-5753d61dd3d6/resourceGroups/US-E2-DEV-MONITORING/providers/microsoft.insights/components/US-E2-DEV-SITE-ai",
            "instrumentation_key": "54c1ecff-d087-4186-89c7-6e4ca200d2be",
            "location": "eastus2",
            "name": "US-E2-DEV-SITE-ai",
            "resource_group_name": "US-E2-DEV-MONITORING",
            "tags": {
              "deployment": "1.0.1"
            }
          },
          "private": "bnVsbA==",
          "dependencies": [
            "module.monitoring.azurerm_resource_group.monitoring"
          ]
        }
      ]
    },
    {
      "module": "module.monitoring",
      "mode": "managed",
      "type": "azurerm_resource_group",
      "name": "monitoring",
      "provider": "provider.azurerm",
      "instances": [
        {
          "schema_version": 0,
          "attributes": {
            "id": "/subscriptions/905c7701-f724-4623-bcde-5753d61dd3d6/resourceGroups/US-E2-DEV-MONITORING",
            "location": "eastus2",
            "name": "US-E2-DEV-MONITORING",
            "tags": {
              "deployment": "1.0.0"
            }
          },
          "private": "bnVsbA=="
        }
      ]
    },
    {
      "module": "module.site",
      "mode": "managed",
      "type": "azurerm_resource_group",
      "name": "site",
      "provider": "provider.azurerm",
      "instances": [
        {
          "schema_version": 0,
          "attributes": {
            "id": "/subscriptions/905c7701-f724-4623-bcde-5753d61dd3d6/resourceGroups/US-E2-DEV-SITE",
            "location": "eastus2",
            "name": "US-E2-DEV-SITE",
            "tags": {
              "deployment": "1.0.0"
            }
          },
          "private": "bnVsbA=="
        }
      ]
    }
  ]
}
